
Microsoft Visual Studio Solution File, Format Version 12.00
# Visual Studio Version 17
VisualStudioVersion = 17.10.35013.160
MinimumVisualStudioVersion = 10.0.40219.1
Project("{FAE04EC0-301F-11D3-BF4B-00C04F79EFBC}") = "PracticalWork 11.0", "PracticalWork 11.0.csproj", "{84698D9C-F784-43DB-B029-F921722B56B9}"
EndProject
Global
	GlobalSection(SolutionConfigurationPlatforms) = preSolution
		Debug|Any CPU = Debug|Any CPU
		Release|Any CPU = Release|Any CPU
	EndGlobalSection
	GlobalSection(ProjectConfigurationPlatforms) = postSolution
		{84698D9C-F784-43DB-B029-F921722B56B9}.Debug|Any CPU.ActiveCfg = Debug|Any CPU
		{84698D9C-F784-43DB-B029-F921722B56B9}.Debug|Any CPU.Build.0 = Debug|Any CPU
		{84698D9C-F784-43DB-B029-F921722B56B9}.Release|Any CPU.ActiveCfg = Release|Any CPU
		{84698D9C-F784-43DB-B029-F921722B56B9}.Release|Any CPU.Build.0 = Release|Any CPU
	EndGlobalSection
	GlobalSection(SolutionProperties) = preSolution
		HideSolutionNode = FALSE
	EndGlobalSection
	GlobalSection(ExtensibilityGlobals) = postSolution
		SolutionGuid = {19FA491B-3E44-46A8-A0F7-BC8144B29870}
	EndGlobalSection
EndGlobal
